
Microsoft Visual Studio Solution File, Format Version 12.00
# Visual Studio Version 16
VisualStudioVersion = 16.0.29230.47
MinimumVisualStudioVersion = 10.0.40219.1
Project("{9A19103F-16F7-4668-BE54-9A1E7A4F7556}") = "DefaultEcs", "DefaultEcs\DefaultEcs.csproj", "{4B41A017-D9FE-4420-A17B-D2C0D4D3F7ED}"
EndProject
Project("{9A19103F-16F7-4668-BE54-9A1E7A4F7556}") = "DefaultEcs.Test", "DefaultEcs.Test\DefaultEcs.Test.csproj", "{42066393-9C6B-4617-8439-B9C3E6B881C3}"
EndProject
Project("{2150E333-8FDC-42A3-9474-1A3956D46DE8}") = "Solution Items", "Solution Items", "{EEC6BAC3-A699-42F0-BED3-43985B10DE44}"
	ProjectSection(SolutionItems) = preProject
		..\.gitignore = ..\.gitignore
		..\.github\workflows\ContinuousIntegration.yml = ..\.github\workflows\ContinuousIntegration.yml
		DefaultEcs\DefaultEcs.Release.csproj = DefaultEcs\DefaultEcs.Release.csproj
		DefaultEcs\DefaultEcs.targets = DefaultEcs\DefaultEcs.targets
		..\documentation\FAQ.md = ..\documentation\FAQ.md
		..\LICENSE.md = ..\LICENSE.md
		..\.github\workflows\PullRequest.yml = ..\.github\workflows\PullRequest.yml
		..\README.md = ..\README.md
		..\Release.bat = ..\Release.bat
		..\documentation\RELEASENOTE.md = ..\documentation\RELEASENOTE.md
	EndProjectSection
EndProject
Project("{9A19103F-16F7-4668-BE54-9A1E7A4F7556}") = "DefaultEcs.Benchmark", "DefaultEcs.Benchmark\DefaultEcs.Benchmark.csproj", "{BD4F95D2-FB6F-4317-8B0A-58FBDF536C0B}"
EndProject
Project("{9A19103F-16F7-4668-BE54-9A1E7A4F7556}") = "DefaultBrick", "Sample\DefaultBrick\DefaultBrick.csproj", "{6D2BA0F6-177E-454B-8AD7-42AF0AD539B7}"
EndProject
Project("{2150E333-8FDC-42A3-9474-1A3956D46DE8}") = "Sample", "Sample", "{DC400F20-A383-4C0F-83D4-F19B4F45191A}"
EndProject
Project("{9A19103F-16F7-4668-BE54-9A1E7A4F7556}") = "DefaultSlap", "Sample\DefaultSlap\DefaultSlap.csproj", "{95F4D6A0-FD01-4AA8-B603-5811C9FFAEEA}"
EndProject
Project("{9A19103F-16F7-4668-BE54-9A1E7A4F7556}") = "DefaultBoids", "Sample\DefaultBoids\DefaultBoids.csproj", "{198A12F3-B396-4243-BFD4-B93FA488AB76}"
EndProject
Global
	GlobalSection(SolutionConfigurationPlatforms) = preSolution
		Debug|Any CPU = Debug|Any CPU
		Release|Any CPU = Release|Any CPU
	EndGlobalSection
	GlobalSection(ProjectConfigurationPlatforms) = postSolution
		{4B41A017-D9FE-4420-A17B-D2C0D4D3F7ED}.Debug|Any CPU.ActiveCfg = Debug|Any CPU
		{4B41A017-D9FE-4420-A17B-D2C0D4D3F7ED}.Debug|Any CPU.Build.0 = Debug|Any CPU
		{4B41A017-D9FE-4420-A17B-D2C0D4D3F7ED}.Release|Any CPU.ActiveCfg = Release|Any CPU
		{4B41A017-D9FE-4420-A17B-D2C0D4D3F7ED}.Release|Any CPU.Build.0 = Release|Any CPU
		{42066393-9C6B-4617-8439-B9C3E6B881C3}.Debug|Any CPU.ActiveCfg = Debug|Any CPU
		{42066393-9C6B-4617-8439-B9C3E6B881C3}.Debug|Any CPU.Build.0 = Debug|Any CPU
		{42066393-9C6B-4617-8439-B9C3E6B881C3}.Release|Any CPU.ActiveCfg = Release|Any CPU
		{42066393-9C6B-4617-8439-B9C3E6B881C3}.Release|Any CPU.Build.0 = Release|Any CPU
		{BD4F95D2-FB6F-4317-8B0A-58FBDF536C0B}.Debug|Any CPU.ActiveCfg = Debug|Any CPU
		{BD4F95D2-FB6F-4317-8B0A-58FBDF536C0B}.Debug|Any CPU.Build.0 = Debug|Any CPU
		{BD4F95D2-FB6F-4317-8B0A-58FBDF536C0B}.Release|Any CPU.ActiveCfg = Release|Any CPU
		{BD4F95D2-FB6F-4317-8B0A-58FBDF536C0B}.Release|Any CPU.Build.0 = Release|Any CPU
		{6D2BA0F6-177E-454B-8AD7-42AF0AD539B7}.Debug|Any CPU.ActiveCfg = Debug|Any CPU
		{6D2BA0F6-177E-454B-8AD7-42AF0AD539B7}.Debug|Any CPU.Build.0 = Debug|Any CPU
		{6D2BA0F6-177E-454B-8AD7-42AF0AD539B7}.Release|Any CPU.ActiveCfg = Release|Any CPU
		{6D2BA0F6-177E-454B-8AD7-42AF0AD539B7}.Release|Any CPU.Build.0 = Release|Any CPU
		{95F4D6A0-FD01-4AA8-B603-5811C9FFAEEA}.Debug|Any CPU.ActiveCfg = Debug|Any CPU
		{95F4D6A0-FD01-4AA8-B603-5811C9FFAEEA}.Debug|Any CPU.Build.0 = Debug|Any CPU
		{95F4D6A0-FD01-4AA8-B603-5811C9FFAEEA}.Release|Any CPU.ActiveCfg = Release|Any CPU
		{95F4D6A0-FD01-4AA8-B603-5811C9FFAEEA}.Release|Any CPU.Build.0 = Release|Any CPU
		{198A12F3-B396-4243-BFD4-B93FA488AB76}.Debug|Any CPU.ActiveCfg = Debug|Any CPU
		{198A12F3-B396-4243-BFD4-B93FA488AB76}.Debug|Any CPU.Build.0 = Debug|Any CPU
		{198A12F3-B396-4243-BFD4-B93FA488AB76}.Release|Any CPU.ActiveCfg = Release|Any CPU
		{198A12F3-B396-4243-BFD4-B93FA488AB76}.Release|Any CPU.Build.0 = Release|Any CPU
	EndGlobalSection
	GlobalSection(SolutionProperties) = preSolution
		HideSolutionNode = FALSE
	EndGlobalSection
	GlobalSection(NestedProjects) = preSolution
		{6D2BA0F6-177E-454B-8AD7-42AF0AD539B7} = {DC400F20-A383-4C0F-83D4-F19B4F45191A}
		{95F4D6A0-FD01-4AA8-B603-5811C9FFAEEA} = {DC400F20-A383-4C0F-83D4-F19B4F45191A}
		{198A12F3-B396-4243-BFD4-B93FA488AB76} = {DC400F20-A383-4C0F-83D4-F19B4F45191A}
	EndGlobalSection
	GlobalSection(ExtensibilityGlobals) = postSolution
		SolutionGuid = {D44A5DBD-5CAD-4E51-BCC2-9AFAD5486CAD}
	EndGlobalSection
EndGlobal
