
Microsoft Visual Studio Solution File, Format Version 12.00
# Visual Studio 15
VisualStudioVersion = 15.0.27130.2036
MinimumVisualStudioVersion = 10.0.40219.1
Project("{9A19103F-16F7-4668-BE54-9A1E7A4F7556}") = "DefaultEcs", "DefaultEcs\DefaultEcs.csproj", "{4B41A017-D9FE-4420-A17B-D2C0D4D3F7ED}"
EndProject
Project("{9A19103F-16F7-4668-BE54-9A1E7A4F7556}") = "DefaultEcs.Test", "DefaultEcs.Test\DefaultEcs.Test.csproj", "{42066393-9C6B-4617-8439-B9C3E6B881C3}"
EndProject
Project("{2150E333-8FDC-42A3-9474-1A3956D46DE8}") = "Solution Items", "Solution Items", "{EEC6BAC3-A699-42F0-BED3-43985B10DE44}"
	ProjectSection(SolutionItems) = preProject
		..\.gitignore = ..\.gitignore
		..\LICENSE.md = ..\LICENSE.md
		..\logo.png = ..\logo.png
		..\Packaging.bat = ..\Packaging.bat
		..\README.md = ..\README.md
	EndProjectSection
EndProject
Project("{9A19103F-16F7-4668-BE54-9A1E7A4F7556}") = "DefaultEcs.Benchmark", "DefaultEcs.Benchmark\DefaultEcs.Benchmark.csproj", "{BD4F95D2-FB6F-4317-8B0A-58FBDF536C0B}"
EndProject
Global
	GlobalSection(SolutionConfigurationPlatforms) = preSolution
		Debug|Any CPU = Debug|Any CPU
		Release|Any CPU = Release|Any CPU
	EndGlobalSection
	GlobalSection(ProjectConfigurationPlatforms) = postSolution
		{4B41A017-D9FE-4420-A17B-D2C0D4D3F7ED}.Debug|Any CPU.ActiveCfg = Debug|Any CPU
		{4B41A017-D9FE-4420-A17B-D2C0D4D3F7ED}.Debug|Any CPU.Build.0 = Debug|Any CPU
		{4B41A017-D9FE-4420-A17B-D2C0D4D3F7ED}.Release|Any CPU.ActiveCfg = Release|Any CPU
		{4B41A017-D9FE-4420-A17B-D2C0D4D3F7ED}.Release|Any CPU.Build.0 = Release|Any CPU
		{42066393-9C6B-4617-8439-B9C3E6B881C3}.Debug|Any CPU.ActiveCfg = Debug|Any CPU
		{42066393-9C6B-4617-8439-B9C3E6B881C3}.Debug|Any CPU.Build.0 = Debug|Any CPU
		{42066393-9C6B-4617-8439-B9C3E6B881C3}.Release|Any CPU.ActiveCfg = Release|Any CPU
		{42066393-9C6B-4617-8439-B9C3E6B881C3}.Release|Any CPU.Build.0 = Release|Any CPU
		{BD4F95D2-FB6F-4317-8B0A-58FBDF536C0B}.Debug|Any CPU.ActiveCfg = Debug|Any CPU
		{BD4F95D2-FB6F-4317-8B0A-58FBDF536C0B}.Debug|Any CPU.Build.0 = Debug|Any CPU
		{BD4F95D2-FB6F-4317-8B0A-58FBDF536C0B}.Release|Any CPU.ActiveCfg = Release|Any CPU
		{BD4F95D2-FB6F-4317-8B0A-58FBDF536C0B}.Release|Any CPU.Build.0 = Release|Any CPU
	EndGlobalSection
	GlobalSection(SolutionProperties) = preSolution
		HideSolutionNode = FALSE
	EndGlobalSection
	GlobalSection(ExtensibilityGlobals) = postSolution
		SolutionGuid = {D44A5DBD-5CAD-4E51-BCC2-9AFAD5486CAD}
	EndGlobalSection
EndGlobal
